// !$*UTF8*$!
{
	archiveVersion = 1;
	classes = {
	};
	objectVersion = 46;
	objects = {

/* Begin PBXBuildFile section */
		ADF1A4BF1EC557FA00571452 /* AppDelegate.swift in Sources */ = {isa = PBXBuildFile; fileRef = ADF1A4BE1EC557FA00571452 /* AppDelegate.swift */; };
		ADF1A4C11EC557FA00571452 /* ViewController.swift in Sources */ = {isa = PBXBuildFile; fileRef = ADF1A4C01EC557FA00571452 /* ViewController.swift */; };
		ADF1A4C41EC557FD00571452 /* Main.storyboard in Resources */ = {isa = PBXBuildFile; fileRef = ADF1A4C21EC557FD00571452 /* Main.storyboard */; };
		ADF1A4C61EC557FE00571452 /* Assets.xcassets in Resources */ = {isa = PBXBuildFile; fileRef = ADF1A4C51EC557FE00571452 /* Assets.xcassets */; };
		ADF1A4C91EC557FF00571452 /* LaunchScreen.storyboard in Resources */ = {isa = PBXBuildFile; fileRef = ADF1A4C71EC557FF00571452 /* LaunchScreen.storyboard */; };
		ADF1A4D41EC5581700571452 /* browserTests.swift in Sources */ = {isa = PBXBuildFile; fileRef = ADF1A4D31EC5581700571452 /* browserTests.swift */; };
		ADF1A4DF1EC5581700571452 /* browserUITests.swift in Sources */ = {isa = PBXBuildFile; fileRef = ADF1A4DE1EC5581700571452 /* browserUITests.swift */; };
/* End PBXBuildFile section */

/* Begin PBXContainerItemProxy section */
		ADF1A4D01EC5581600571452 /* PBXContainerItemProxy */ = {
			isa = PBXContainerItemProxy;
			containerPortal = ADF1A4B31EC557F600571452 /* Project object */;
			proxyType = 1;
			remoteGlobalIDString = ADF1A4BA1EC557F800571452;
			remoteInfo = browser;
		};
		ADF1A4DB1EC5581700571452 /* PBXContainerItemProxy */ = {
			isa = PBXContainerItemProxy;
			containerPortal = ADF1A4B31EC557F600571452 /* Project object */;
			proxyType = 1;
			remoteGlobalIDString = ADF1A4BA1EC557F800571452;
			remoteInfo = browser;
		};
/* End PBXContainerItemProxy section */

/* Begin PBXFileReference section */
		ADF1A4BB1EC557F900571452 /* browser.app */ = {isa = PBXFileReference; explicitFileType = wrapper.application; includeInIndex = 0; path = browser.app; sourceTree = BUILT_PRODUCTS_DIR; };
		ADF1A4BE1EC557FA00571452 /* AppDelegate.swift */ = {isa = PBXFileReference; lastKnownFileType = sourcecode.swift; path = AppDelegate.swift; sourceTree = "<group>"; };
		ADF1A4C01EC557FA00571452 /* ViewController.swift */ = {isa = PBXFileReference; lastKnownFileType = sourcecode.swift; path = ViewController.swift; sourceTree = "<group>"; };
		ADF1A4C31EC557FD00571452 /* Base */ = {isa = PBXFileReference; lastKnownFileType = file.storyboard; name = Base; path = Base.lproj/Main.storyboard; sourceTree = "<group>"; };
		ADF1A4C51EC557FE00571452 /* Assets.xcassets */ = {isa = PBXFileReference; lastKnownFileType = folder.assetcatalog; path = Assets.xcassets; sourceTree = "<group>"; };
		ADF1A4C81EC557FF00571452 /* Base */ = {isa = PBXFileReference; lastKnownFileType = file.storyboard; name = Base; path = Base.lproj/LaunchScreen.storyboard; sourceTree = "<group>"; };
		ADF1A4CA1EC557FF00571452 /* Info.plist */ = {isa = PBXFileReference; lastKnownFileType = text.plist.xml; path = Info.plist; sourceTree = "<group>"; };
		ADF1A4CF1EC5581600571452 /* browserTests.xctest */ = {isa = PBXFileReference; explicitFileType = wrapper.cfbundle; includeInIndex = 0; path = browserTests.xctest; sourceTree = BUILT_PRODUCTS_DIR; };
		ADF1A4D31EC5581700571452 /* browserTests.swift */ = {isa = PBXFileReference; lastKnownFileType = sourcecode.swift; path = browserTests.swift; sourceTree = "<group>"; };
		ADF1A4D51EC5581700571452 /* Info.plist */ = {isa = PBXFileReference; lastKnownFileType = text.plist.xml; path = Info.plist; sourceTree = "<group>"; };
		ADF1A4DA1EC5581700571452 /* browserUITests.xctest */ = {isa = PBXFileReference; explicitFileType = wrapper.cfbundle; includeInIndex = 0; path = browserUITests.xctest; sourceTree = BUILT_PRODUCTS_DIR; };
		ADF1A4DE1EC5581700571452 /* browserUITests.swift */ = {isa = PBXFileReference; lastKnownFileType = sourcecode.swift; path = browserUITests.swift; sourceTree = "<group>"; };
		ADF1A4E01EC5581A00571452 /* Info.plist */ = {isa = PBXFileReference; lastKnownFileType = text.plist.xml; path = Info.plist; sourceTree = "<group>"; };
/* End PBXFileReference section */

/* Begin PBXFrameworksBuildPhase section */
		ADF1A4B81EC557F800571452 /* Frameworks */ = {
			isa = PBXFrameworksBuildPhase;
			buildActionMask = 2147483647;
			files = (
			);
			runOnlyForDeploymentPostprocessing = 0;
		};
		ADF1A4CC1EC5581600571452 /* Frameworks */ = {
			isa = PBXFrameworksBuildPhase;
			buildActionMask = 2147483647;
			files = (
			);
			runOnlyForDeploymentPostprocessing = 0;
		};
		ADF1A4D71EC5581700571452 /* Frameworks */ = {
			isa = PBXFrameworksBuildPhase;
			buildActionMask = 2147483647;
			files = (
			);
			runOnlyForDeploymentPostprocessing = 0;
		};
/* End PBXFrameworksBuildPhase section */

/* Begin PBXGroup section */
		ADF1A4B21EC557F600571452 = {
			isa = PBXGroup;
			children = (
				ADF1A4BD1EC557F900571452 /* browser */,
				ADF1A4D21EC5581600571452 /* browserTests */,
				ADF1A4DD1EC5581700571452 /* browserUITests */,
				ADF1A4BC1EC557F900571452 /* Products */,
			);
			sourceTree = "<group>";
		};
		ADF1A4BC1EC557F900571452 /* Products */ = {
			isa = PBXGroup;
			children = (
				ADF1A4BB1EC557F900571452 /* browser.app */,
				ADF1A4CF1EC5581600571452 /* browserTests.xctest */,
				ADF1A4DA1EC5581700571452 /* browserUITests.xctest */,
			);
			name = Products;
			sourceTree = "<group>";
		};
		ADF1A4BD1EC557F900571452 /* browser */ = {
			isa = PBXGroup;
			children = (
				ADF1A4BE1EC557FA00571452 /* AppDelegate.swift */,
				ADF1A4C01EC557FA00571452 /* ViewController.swift */,
				ADF1A4C21EC557FD00571452 /* Main.storyboard */,
				ADF1A4C51EC557FE00571452 /* Assets.xcassets */,
				ADF1A4C71EC557FF00571452 /* LaunchScreen.storyboard */,
				ADF1A4CA1EC557FF00571452 /* Info.plist */,
			);
			path = browser;
			sourceTree = "<group>";
		};
		ADF1A4D21EC5581600571452 /* browserTests */ = {
			isa = PBXGroup;
			children = (
				ADF1A4D31EC5581700571452 /* browserTests.swift */,
				ADF1A4D51EC5581700571452 /* Info.plist */,
			);
			path = browserTests;
			sourceTree = "<group>";
		};
		ADF1A4DD1EC5581700571452 /* browserUITests */ = {
			isa = PBXGroup;
			children = (
				ADF1A4DE1EC5581700571452 /* browserUITests.swift */,
				ADF1A4E01EC5581A00571452 /* Info.plist */,
			);
			path = browserUITests;
			sourceTree = "<group>";
		};
/* End PBXGroup section */

/* Begin PBXNativeTarget section */
		ADF1A4BA1EC557F800571452 /* browser */ = {
			isa = PBXNativeTarget;
			buildConfigurationList = ADF1A4E31EC5581A00571452 /* Build configuration list for PBXNativeTarget "browser" */;
			buildPhases = (
				ADF1A4B71EC557F800571452 /* Sources */,
				ADF1A4B81EC557F800571452 /* Frameworks */,
				ADF1A4B91EC557F800571452 /* Resources */,
			);
			buildRules = (
			);
			dependencies = (
			);
			name = browser;
			productName = browser;
			productReference = ADF1A4BB1EC557F900571452 /* browser.app */;
			productType = "com.apple.product-type.application";
		};
		ADF1A4CE1EC5581600571452 /* browserTests */ = {
			isa = PBXNativeTarget;
			buildConfigurationList = ADF1A4E61EC5581A00571452 /* Build configuration list for PBXNativeTarget "browserTests" */;
			buildPhases = (
				ADF1A4CB1EC5581600571452 /* Sources */,
				ADF1A4CC1EC5581600571452 /* Frameworks */,
				ADF1A4CD1EC5581600571452 /* Resources */,
			);
			buildRules = (
			);
			dependencies = (
				ADF1A4D11EC5581600571452 /* PBXTargetDependency */,
			);
			name = browserTests;
			productName = browserTests;
			productReference = ADF1A4CF1EC5581600571452 /* browserTests.xctest */;
			productType = "com.apple.product-type.bundle.unit-test";
		};
		ADF1A4D91EC5581700571452 /* browserUITests */ = {
			isa = PBXNativeTarget;
			buildConfigurationList = ADF1A4E91EC5581A00571452 /* Build configuration list for PBXNativeTarget "browserUITests" */;
			buildPhases = (
				ADF1A4D61EC5581700571452 /* Sources */,
				ADF1A4D71EC5581700571452 /* Frameworks */,
				ADF1A4D81EC5581700571452 /* Resources */,
			);
			buildRules = (
			);
			dependencies = (
				ADF1A4DC1EC5581700571452 /* PBXTargetDependency */,
			);
			name = browserUITests;
			productName = browserUITests;
			productReference = ADF1A4DA1EC5581700571452 /* browserUITests.xctest */;
			productType = "com.apple.product-type.bundle.ui-testing";
		};
/* End PBXNativeTarget section */

/* Begin PBXProject section */
		ADF1A4B31EC557F600571452 /* Project object */ = {
			isa = PBXProject;
			attributes = {
				LastSwiftUpdateCheck = 0830;
				LastUpgradeCheck = 0830;
				ORGANIZATIONNAME = "中村俊";
				TargetAttributes = {
					ADF1A4BA1EC557F800571452 = {
						CreatedOnToolsVersion = 8.3.2;
						ProvisioningStyle = Automatic;
					};
					ADF1A4CE1EC5581600571452 = {
						CreatedOnToolsVersion = 8.3.2;
						ProvisioningStyle = Automatic;
						TestTargetID = ADF1A4BA1EC557F800571452;
					};
					ADF1A4D91EC5581700571452 = {
						CreatedOnToolsVersion = 8.3.2;
						ProvisioningStyle = Automatic;
						TestTargetID = ADF1A4BA1EC557F800571452;
					};
				};
			};
			buildConfigurationList = ADF1A4B61EC557F600571452 /* Build configuration list for PBXProject "browser" */;
			compatibilityVersion = "Xcode 3.2";
			developmentRegion = English;
			hasScannedForEncodings = 0;
			knownRegions = (
				en,
				Base,
			);
			mainGroup = ADF1A4B21EC557F600571452;
			productRefGroup = ADF1A4BC1EC557F900571452 /* Products */;
			projectDirPath = "";
			projectRoot = "";
			targets = (
				ADF1A4BA1EC557F800571452 /* browser */,
				ADF1A4CE1EC5581600571452 /* browserTests */,
				ADF1A4D91EC5581700571452 /* browserUITests */,
			);
		};
/* End PBXProject section */

/* Begin PBXResourcesBuildPhase section */
		ADF1A4B91EC557F800571452 /* Resources */ = {
			isa = PBXResourcesBuildPhase;
			buildActionMask = 2147483647;
			files = (
				ADF1A4C91EC557FF00571452 /* LaunchScreen.storyboard in Resources */,
				ADF1A4C61EC557FE00571452 /* Assets.xcassets in Resources */,
				ADF1A4C41EC557FD00571452 /* Main.storyboard in Resources */,
			);
			runOnlyForDeploymentPostprocessing = 0;
		};
		ADF1A4CD1EC5581600571452 /* Resources */ = {
			isa = PBXResourcesBuildPhase;
			buildActionMask = 2147483647;
			files = (
			);
			runOnlyForDeploymentPostprocessing = 0;
		};
		ADF1A4D81EC5581700571452 /* Resources */ = {
			isa = PBXResourcesBuildPhase;
			buildActionMask = 2147483647;
			files = (
			);
			runOnlyForDeploymentPostprocessing = 0;
		};
/* End PBXResourcesBuildPhase section */

/* Begin PBXSourcesBuildPhase section */
		ADF1A4B71EC557F800571452 /* Sources */ = {
			isa = PBXSourcesBuildPhase;
			buildActionMask = 2147483647;
			files = (
				ADF1A4C11EC557FA00571452 /* ViewController.swift in Sources */,
				ADF1A4BF1EC557FA00571452 /* AppDelegate.swift in Sources */,
			);
			runOnlyForDeploymentPostprocessing = 0;
		};
		ADF1A4CB1EC5581600571452 /* Sources */ = {
			isa = PBXSourcesBuildPhase;
			buildActionMask = 2147483647;
			files = (
				ADF1A4D41EC5581700571452 /* browserTests.swift in Sources */,
			);
			runOnlyForDeploymentPostprocessing = 0;
		};
		ADF1A4D61EC5581700571452 /* Sources */ = {
			isa = PBXSourcesBuildPhase;
			buildActionMask = 2147483647;
			files = (
				ADF1A4DF1EC5581700571452 /* browserUITests.swift in Sources */,
			);
			runOnlyForDeploymentPostprocessing = 0;
		};
/* End PBXSourcesBuildPhase section */

/* Begin PBXTargetDependency section */
		ADF1A4D11EC5581600571452 /* PBXTargetDependency */ = {
			isa = PBXTargetDependency;
			target = ADF1A4BA1EC557F800571452 /* browser */;
			targetProxy = ADF1A4D01EC5581600571452 /* PBXContainerItemProxy */;
		};
		ADF1A4DC1EC5581700571452 /* PBXTargetDependency */ = {
			isa = PBXTargetDependency;
			target = ADF1A4BA1EC557F800571452 /* browser */;
			targetProxy = ADF1A4DB1EC5581700571452 /* PBXContainerItemProxy */;
		};
/* End PBXTargetDependency section */

/* Begin PBXVariantGroup section */
		ADF1A4C21EC557FD00571452 /* Main.storyboard */ = {
			isa = PBXVariantGroup;
			children = (
				ADF1A4C31EC557FD00571452 /* Base */,
			);
			name = Main.storyboard;
			sourceTree = "<group>";
		};
		ADF1A4C71EC557FF00571452 /* LaunchScreen.storyboard */ = {
			isa = PBXVariantGroup;
			children = (
				ADF1A4C81EC557FF00571452 /* Base */,
			);
			name = LaunchScreen.storyboard;
			sourceTree = "<group>";
		};
/* End PBXVariantGroup section */

/* Begin XCBuildConfiguration section */
		ADF1A4E11EC5581A00571452 /* Debug */ = {
			isa = XCBuildConfiguration;
			buildSettings = {
				ALWAYS_SEARCH_USER_PATHS = NO;
				CLANG_ANALYZER_NONNULL = YES;
				CLANG_ANALYZER_NUMBER_OBJECT_CONVERSION = YES_AGGRESSIVE;
				CLANG_CXX_LANGUAGE_STANDARD = "gnu++0x";
				CLANG_CXX_LIBRARY = "libc++";
				CLANG_ENABLE_MODULES = YES;
				CLANG_ENABLE_OBJC_ARC = YES;
				CLANG_WARN_BOOL_CONVERSION = YES;
				CLANG_WARN_CONSTANT_CONVERSION = YES;
				CLANG_WARN_DIRECT_OBJC_ISA_USAGE = YES_ERROR;
				CLANG_WARN_DOCUMENTATION_COMMENTS = YES;
				CLANG_WARN_EMPTY_BODY = YES;
				CLANG_WARN_ENUM_CONVERSION = YES;
				CLANG_WARN_INFINITE_RECURSION = YES;
				CLANG_WARN_INT_CONVERSION = YES;
				CLANG_WARN_OBJC_ROOT_CLASS = YES_ERROR;
				CLANG_WARN_SUSPICIOUS_MOVE = YES;
				CLANG_WARN_UNREACHABLE_CODE = YES;
				CLANG_WARN__DUPLICATE_METHOD_MATCH = YES;
				"CODE_SIGN_IDENTITY[sdk=iphoneos*]" = "iPhone Developer";
				COPY_PHASE_STRIP = NO;
				DEBUG_INFORMATION_FORMAT = dwarf;
				ENABLE_STRICT_OBJC_MSGSEND = YES;
				ENABLE_TESTABILITY = YES;
				GCC_C_LANGUAGE_STANDARD = gnu99;
				GCC_DYNAMIC_NO_PIC = NO;
				GCC_NO_COMMON_BLOCKS = YES;
				GCC_OPTIMIZATION_LEVEL = 0;
				GCC_PREPROCESSOR_DEFINITIONS = (
					"DEBUG=1",
					"$(inherited)",
				);
				GCC_WARN_64_TO_32_BIT_CONVERSION = YES;
				GCC_WARN_ABOUT_RETURN_TYPE = YES_ERROR;
				GCC_WARN_UNDECLARED_SELECTOR = YES;
				GCC_WARN_UNINITIALIZED_AUTOS = YES_AGGRESSIVE;
				GCC_WARN_UNUSED_FUNCTION = YES;
				GCC_WARN_UNUSED_VARIABLE = YES;
				IPHONEOS_DEPLOYMENT_TARGET = 10.3;
				MTL_ENABLE_DEBUG_INFO = YES;
				ONLY_ACTIVE_ARCH = YES;
				SDKROOT = iphoneos;
				SWIFT_ACTIVE_COMPILATION_CONDITIONS = DEBUG;
				SWIFT_OPTIMIZATION_LEVEL = "-Onone";
			};
			name = Debug;
		};
		ADF1A4E21EC5581A00571452 /* Release */ = {
			isa = XCBuildConfiguration;
			buildSettings = {
				ALWAYS_SEARCH_USER_PATHS = NO;
				CLANG_ANALYZER_NONNULL = YES;
				CLANG_ANALYZER_NUMBER_OBJECT_CONVERSION = YES_AGGRESSIVE;
				CLANG_CXX_LANGUAGE_STANDARD = "gnu++0x";
				CLANG_CXX_LIBRARY = "libc++";
				CLANG_ENABLE_MODULES = YES;
				CLANG_ENABLE_OBJC_ARC = YES;
				CLANG_WARN_BOOL_CONVERSION = YES;
				CLANG_WARN_CONSTANT_CONVERSION = YES;
				CLANG_WARN_DIRECT_OBJC_ISA_USAGE = YES_ERROR;
				CLANG_WARN_DOCUMENTATION_COMMENTS = YES;
				CLANG_WARN_EMPTY_BODY = YES;
				CLANG_WARN_ENUM_CONVERSION = YES;
				CLANG_WARN_INFINITE_RECURSION = YES;
				CLANG_WARN_INT_CONVERSION = YES;
				CLANG_WARN_OBJC_ROOT_CLASS = YES_ERROR;
				CLANG_WARN_SUSPICIOUS_MOVE = YES;
				CLANG_WARN_UNREACHABLE_CODE = YES;
				CLANG_WARN__DUPLICATE_METHOD_MATCH = YES;
				"CODE_SIGN_IDENTITY[sdk=iphoneos*]" = "iPhone Developer";
				COPY_PHASE_STRIP = NO;
				DEBUG_INFORMATION_FORMAT = "dwarf-with-dsym";
				ENABLE_NS_ASSERTIONS = NO;
				ENABLE_STRICT_OBJC_MSGSEND = YES;
				GCC_C_LANGUAGE_STANDARD = gnu99;
				GCC_NO_COMMON_BLOCKS = YES;
				GCC_WARN_64_TO_32_BIT_CONVERSION = YES;
				GCC_WARN_ABOUT_RETURN_TYPE = YES_ERROR;
				GCC_WARN_UNDECLARED_SELECTOR = YES;
				GCC_WARN_UNINITIALIZED_AUTOS = YES_AGGRESSIVE;
				GCC_WARN_UNUSED_FUNCTION = YES;
				GCC_WARN_UNUSED_VARIABLE = YES;
				IPHONEOS_DEPLOYMENT_TARGET = 10.3;
				MTL_ENABLE_DEBUG_INFO = NO;
				SDKROOT = iphoneos;
				SWIFT_OPTIMIZATION_LEVEL = "-Owholemodule";
				VALIDATE_PRODUCT = YES;
			};
			name = Release;
		};
		ADF1A4E41EC5581A00571452 /* Debug */ = {
			isa = XCBuildConfiguration;
			buildSettings = {
				ASSETCATALOG_COMPILER_APPICON_NAME = AppIcon;
				INFOPLIST_FILE = browser/Info.plist;
				LD_RUNPATH_SEARCH_PATHS = "$(inherited) @executable_path/Frameworks";
				PRODUCT_BUNDLE_IDENTIFIER = com.galileo.browser;
				PRODUCT_NAME = "$(TARGET_NAME)";
				SWIFT_VERSION = 3.0;
			};
			name = Debug;
		};
		ADF1A4E51EC5581A00571452 /* Release */ = {
			isa = XCBuildConfiguration;
			buildSettings = {
				ASSETCATALOG_COMPILER_APPICON_NAME = AppIcon;
				INFOPLIST_FILE = browser/Info.plist;
				LD_RUNPATH_SEARCH_PATHS = "$(inherited) @executable_path/Frameworks";
				PRODUCT_BUNDLE_IDENTIFIER = com.galileo.browser;
				PRODUCT_NAME = "$(TARGET_NAME)";
				SWIFT_VERSION = 3.0;
			};
			name = Release;
		};
		ADF1A4E71EC5581A00571452 /* Debug */ = {
			isa = XCBuildConfiguration;
			buildSettings = {
				ALWAYS_EMBED_SWIFT_STANDARD_LIBRARIES = YES;
				BUNDLE_LOADER = "$(TEST_HOST)";
				INFOPLIST_FILE = browserTests/Info.plist;
				LD_RUNPATH_SEARCH_PATHS = "$(inherited) @executable_path/Frameworks @loader_path/Frameworks";
				PRODUCT_BUNDLE_IDENTIFIER = com.galileo.browserTests;
				PRODUCT_NAME = "$(TARGET_NAME)";
				SWIFT_VERSION = 3.0;
				TEST_HOST = "$(BUILT_PRODUCTS_DIR)/browser.app/browser";
			};
			name = Debug;
		};
		ADF1A4E81EC5581A00571452 /* Release */ = {
			isa = XCBuildConfiguration;
			buildSettings = {
				ALWAYS_EMBED_SWIFT_STANDARD_LIBRARIES = YES;
				BUNDLE_LOADER = "$(TEST_HOST)";
				INFOPLIST_FILE = browserTests/Info.plist;
				LD_RUNPATH_SEARCH_PATHS = "$(inherited) @executable_path/Frameworks @loader_path/Frameworks";
				PRODUCT_BUNDLE_IDENTIFIER = com.galileo.browserTests;
				PRODUCT_NAME = "$(TARGET_NAME)";
				SWIFT_VERSION = 3.0;
				TEST_HOST = "$(BUILT_PRODUCTS_DIR)/browser.app/browser";
			};
			name = Release;
		};
		ADF1A4EA1EC5581A00571452 /* Debug */ = {
			isa = XCBuildConfiguration;
			buildSettings = {
				ALWAYS_EMBED_SWIFT_STANDARD_LIBRARIES = YES;
				INFOPLIST_FILE = browserUITests/Info.plist;
				LD_RUNPATH_SEARCH_PATHS = "$(inherited) @executable_path/Frameworks @loader_path/Frameworks";
				PRODUCT_BUNDLE_IDENTIFIER = com.galileo.browserUITests;
				PRODUCT_NAME = "$(TARGET_NAME)";
				SWIFT_VERSION = 3.0;
				TEST_TARGET_NAME = browser;
			};
			name = Debug;
		};
		ADF1A4EB1EC5581A00571452 /* Release */ = {
			isa = XCBuildConfiguration;
			buildSettings = {
				ALWAYS_EMBED_SWIFT_STANDARD_LIBRARIES = YES;
				INFOPLIST_FILE = browserUITests/Info.plist;
				LD_RUNPATH_SEARCH_PATHS = "$(inherited) @executable_path/Frameworks @loader_path/Frameworks";
				PRODUCT_BUNDLE_IDENTIFIER = com.galileo.browserUITests;
				PRODUCT_NAME = "$(TARGET_NAME)";
				SWIFT_VERSION = 3.0;
				TEST_TARGET_NAME = browser;
			};
			name = Release;
		};
/* End XCBuildConfiguration section */

/* Begin XCConfigurationList section */
		ADF1A4B61EC557F600571452 /* Build configuration list for PBXProject "browser" */ = {
			isa = XCConfigurationList;
			buildConfigurations = (
				ADF1A4E11EC5581A00571452 /* Debug */,
				ADF1A4E21EC5581A00571452 /* Release */,
			);
			defaultConfigurationIsVisible = 0;
			defaultConfigurationName = Release;
		};
		ADF1A4E31EC5581A00571452 /* Build configuration list for PBXNativeTarget "browser" */ = {
			isa = XCConfigurationList;
			buildConfigurations = (
				ADF1A4E41EC5581A00571452 /* Debug */,
				ADF1A4E51EC5581A00571452 /* Release */,
			);
			defaultConfigurationIsVisible = 0;
		};
		ADF1A4E61EC5581A00571452 /* Build configuration list for PBXNativeTarget "browserTests" */ = {
			isa = XCConfigurationList;
			buildConfigurations = (
				ADF1A4E71EC5581A00571452 /* Debug */,
				ADF1A4E81EC5581A00571452 /* Release */,
			);
			defaultConfigurationIsVisible = 0;
		};
		ADF1A4E91EC5581A00571452 /* Build configuration list for PBXNativeTarget "browserUITests" */ = {
			isa = XCConfigurationList;
			buildConfigurations = (
				ADF1A4EA1EC5581A00571452 /* Debug */,
				ADF1A4EB1EC5581A00571452 /* Release */,
			);
			defaultConfigurationIsVisible = 0;
		};
/* End XCConfigurationList section */
	};
	rootObject = ADF1A4B31EC557F600571452 /* Project object */;
}
